
Microsoft Visual Studio Solution File, Format Version 12.00
# Visual Studio Version 16
VisualStudioVersion = 16.0.31727.386
MinimumVisualStudioVersion = 10.0.40219.1
Project("{FAE04EC0-301F-11D3-BF4B-00C04F79EFBC}") = "task kub", "task kub\task kub.csproj", "{158D3DB7-3C65-4042-934E-8925588F107E}"
EndProject
Global
	GlobalSection(SolutionConfigurationPlatforms) = preSolution
		Debug|Any CPU = Debug|Any CPU
		Release|Any CPU = Release|Any CPU
	EndGlobalSection
	GlobalSection(ProjectConfigurationPlatforms) = postSolution
		{158D3DB7-3C65-4042-934E-8925588F107E}.Debug|Any CPU.ActiveCfg = Debug|Any CPU
		{158D3DB7-3C65-4042-934E-8925588F107E}.Debug|Any CPU.Build.0 = Debug|Any CPU
		{158D3DB7-3C65-4042-934E-8925588F107E}.Release|Any CPU.ActiveCfg = Release|Any CPU
		{158D3DB7-3C65-4042-934E-8925588F107E}.Release|Any CPU.Build.0 = Release|Any CPU
	EndGlobalSection
	GlobalSection(SolutionProperties) = preSolution
		HideSolutionNode = FALSE
	EndGlobalSection
	GlobalSection(ExtensibilityGlobals) = postSolution
		SolutionGuid = {35A2C5C0-F122-4DAD-BE3F-1E10A75BE632}
	EndGlobalSection
EndGlobal
